{
  "name": "nextbrain",
  "version": "1.2.0",
  "lockfileVersion": 3,
  "requires": true,
  "packages": {
    "": {
      "name": "nextbrain",
      "version": "1.2.0",
      "license": "ISC",
      "dependencies": {
        "csv-parse": "^5.3.5"
      },
      "devDependencies": {
        "prettier": "^2.8.4"
      }
    },
    "node_modules/csv-parse": {
      "version": "5.3.5",
      "resolved": "https://registry.npmjs.org/csv-parse/-/csv-parse-5.3.5.tgz",
      "integrity": "sha512-8O5KTIRtwmtD3+EVfW6BCgbwZqJbhTYsQZry12F1TP5RUp0sD9tp1UnCWic3n0mLOhzeocYaCZNYxOGSg3dmmQ=="
    },
    "node_modules/prettier": {
      "version": "2.8.4",
      "resolved": "https://registry.npmjs.org/prettier/-/prettier-2.8.4.tgz",
      "integrity": "sha512-vIS4Rlc2FNh0BySk3Wkd6xmwxB0FpOndW5fisM5H8hsZSxU2VWVB5CWIkIjWvrHjIhxk2g3bfMKM87zNTrZddw==",
      "dev": true,
      "bin": {
        "prettier": "bin-prettier.js"
      },
      "engines": {
        "node": ">=10.13.0"
      },
      "funding": {
        "url": "https://github.com/prettier/prettier?sponsor=1"
      }
    }
  }
}
